// !$*UTF8*$!
{
	archiveVersion = 1;
	classes = {
	};
	objectVersion = 55;
	objects = {

/* Begin PBXBuildFile section */
		F0F4DA0628E07F4F00E9B34C /* AppDelegate.swift in Sources */ = {isa = PBXBuildFile; fileRef = F0F4DA0528E07F4F00E9B34C /* AppDelegate.swift */; };
		F0F4DA0828E07F4F00E9B34C /* SceneDelegate.swift in Sources */ = {isa = PBXBuildFile; fileRef = F0F4DA0728E07F4F00E9B34C /* SceneDelegate.swift */; };
		F0F4DA0A28E07F4F00E9B34C /* ViewController.swift in Sources */ = {isa = PBXBuildFile; fileRef = F0F4DA0928E07F4F00E9B34C /* ViewController.swift */; };
		F0F4DA0D28E07F4F00E9B34C /* Main.storyboard in Resources */ = {isa = PBXBuildFile; fileRef = F0F4DA0B28E07F4F00E9B34C /* Main.storyboard */; };
		F0F4DA1028E07F4F00E9B34C /* ArtBookProject.xcdatamodeld in Sources */ = {isa = PBXBuildFile; fileRef = F0F4DA0E28E07F4F00E9B34C /* ArtBookProject.xcdatamodeld */; };
		F0F4DA1228E07F5000E9B34C /* Assets.xcassets in Resources */ = {isa = PBXBuildFile; fileRef = F0F4DA1128E07F5000E9B34C /* Assets.xcassets */; };
		F0F4DA1528E07F5000E9B34C /* LaunchScreen.storyboard in Resources */ = {isa = PBXBuildFile; fileRef = F0F4DA1328E07F5000E9B34C /* LaunchScreen.storyboard */; };
/* End PBXBuildFile section */

/* Begin PBXFileReference section */
		F0F4DA0228E07F4F00E9B34C /* ArtBookProject.app */ = {isa = PBXFileReference; explicitFileType = wrapper.application; includeInIndex = 0; path = ArtBookProject.app; sourceTree = BUILT_PRODUCTS_DIR; };
		F0F4DA0528E07F4F00E9B34C /* AppDelegate.swift */ = {isa = PBXFileReference; lastKnownFileType = sourcecode.swift; path = AppDelegate.swift; sourceTree = "<group>"; };
		F0F4DA0728E07F4F00E9B34C /* SceneDelegate.swift */ = {isa = PBXFileReference; lastKnownFileType = sourcecode.swift; path = SceneDelegate.swift; sourceTree = "<group>"; };
		F0F4DA0928E07F4F00E9B34C /* ViewController.swift */ = {isa = PBXFileReference; lastKnownFileType = sourcecode.swift; path = ViewController.swift; sourceTree = "<group>"; };
		F0F4DA0C28E07F4F00E9B34C /* Base */ = {isa = PBXFileReference; lastKnownFileType = file.storyboard; name = Base; path = Base.lproj/Main.storyboard; sourceTree = "<group>"; };
		F0F4DA0F28E07F4F00E9B34C /* ArtBookProject.xcdatamodel */ = {isa = PBXFileReference; lastKnownFileType = wrapper.xcdatamodel; path = ArtBookProject.xcdatamodel; sourceTree = "<group>"; };
		F0F4DA1128E07F5000E9B34C /* Assets.xcassets */ = {isa = PBXFileReference; lastKnownFileType = folder.assetcatalog; path = Assets.xcassets; sourceTree = "<group>"; };
		F0F4DA1428E07F5000E9B34C /* Base */ = {isa = PBXFileReference; lastKnownFileType = file.storyboard; name = Base; path = Base.lproj/LaunchScreen.storyboard; sourceTree = "<group>"; };
		F0F4DA1628E07F5000E9B34C /* Info.plist */ = {isa = PBXFileReference; lastKnownFileType = text.plist.xml; path = Info.plist; sourceTree = "<group>"; };
/* End PBXFileReference section */

/* Begin PBXFrameworksBuildPhase section */
		F0F4D9FF28E07F4F00E9B34C /* Frameworks */ = {
			isa = PBXFrameworksBuildPhase;
			buildActionMask = 2147483647;
			files = (
			);
			runOnlyForDeploymentPostprocessing = 0;
		};
/* End PBXFrameworksBuildPhase section */

/* Begin PBXGroup section */
		F0F4D9F928E07F4F00E9B34C = {
			isa = PBXGroup;
			children = (
				F0F4DA0428E07F4F00E9B34C /* ArtBookProject */,
				F0F4DA0328E07F4F00E9B34C /* Products */,
			);
			sourceTree = "<group>";
		};
		F0F4DA0328E07F4F00E9B34C /* Products */ = {
			isa = PBXGroup;
			children = (
				F0F4DA0228E07F4F00E9B34C /* ArtBookProject.app */,
			);
			name = Products;
			sourceTree = "<group>";
		};
		F0F4DA0428E07F4F00E9B34C /* ArtBookProject */ = {
			isa = PBXGroup;
			children = (
				F0F4DA0528E07F4F00E9B34C /* AppDelegate.swift */,
				F0F4DA0728E07F4F00E9B34C /* SceneDelegate.swift */,
				F0F4DA0928E07F4F00E9B34C /* ViewController.swift */,
				F0F4DA0B28E07F4F00E9B34C /* Main.storyboard */,
				F0F4DA1128E07F5000E9B34C /* Assets.xcassets */,
				F0F4DA1328E07F5000E9B34C /* LaunchScreen.storyboard */,
				F0F4DA1628E07F5000E9B34C /* Info.plist */,
				F0F4DA0E28E07F4F00E9B34C /* ArtBookProject.xcdatamodeld */,
			);
			path = ArtBookProject;
			sourceTree = "<group>";
		};
/* End PBXGroup section */

/* Begin PBXNativeTarget section */
		F0F4DA0128E07F4F00E9B34C /* ArtBookProject */ = {
			isa = PBXNativeTarget;
			buildConfigurationList = F0F4DA1928E07F5000E9B34C /* Build configuration list for PBXNativeTarget "ArtBookProject" */;
			buildPhases = (
				F0F4D9FE28E07F4F00E9B34C /* Sources */,
				F0F4D9FF28E07F4F00E9B34C /* Frameworks */,
				F0F4DA0028E07F4F00E9B34C /* Resources */,
			);
			buildRules = (
			);
			dependencies = (
			);
			name = ArtBookProject;
			productName = ArtBookProject;
			productReference = F0F4DA0228E07F4F00E9B34C /* ArtBookProject.app */;
			productType = "com.apple.product-type.application";
		};
/* End PBXNativeTarget section */

/* Begin PBXProject section */
		F0F4D9FA28E07F4F00E9B34C /* Project object */ = {
			isa = PBXProject;
			attributes = {
				BuildIndependentTargetsInParallel = 1;
				LastSwiftUpdateCheck = 1340;
				LastUpgradeCheck = 1340;
				TargetAttributes = {
					F0F4DA0128E07F4F00E9B34C = {
						CreatedOnToolsVersion = 13.4.1;
					};
				};
			};
			buildConfigurationList = F0F4D9FD28E07F4F00E9B34C /* Build configuration list for PBXProject "ArtBookProject" */;
			compatibilityVersion = "Xcode 13.0";
			developmentRegion = en;
			hasScannedForEncodings = 0;
			knownRegions = (
				en,
				Base,
			);
			mainGroup = F0F4D9F928E07F4F00E9B34C;
			productRefGroup = F0F4DA0328E07F4F00E9B34C /* Products */;
			projectDirPath = "";
			projectRoot = "";
			targets = (
				F0F4DA0128E07F4F00E9B34C /* ArtBookProject */,
			);
		};
/* End PBXProject section */

/* Begin PBXResourcesBuildPhase section */
		F0F4DA0028E07F4F00E9B34C /* Resources */ = {
			isa = PBXResourcesBuildPhase;
			buildActionMask = 2147483647;
			files = (
				F0F4DA1528E07F5000E9B34C /* LaunchScreen.storyboard in Resources */,
				F0F4DA1228E07F5000E9B34C /* Assets.xcassets in Resources */,
				F0F4DA0D28E07F4F00E9B34C /* Main.storyboard in Resources */,
			);
			runOnlyForDeploymentPostprocessing = 0;
		};
/* End PBXResourcesBuildPhase section */

/* Begin PBXSourcesBuildPhase section */
		F0F4D9FE28E07F4F00E9B34C /* Sources */ = {
			isa = PBXSourcesBuildPhase;
			buildActionMask = 2147483647;
			files = (
				F0F4DA1028E07F4F00E9B34C /* ArtBookProject.xcdatamodeld in Sources */,
				F0F4DA0A28E07F4F00E9B34C /* ViewController.swift in Sources */,
				F0F4DA0628E07F4F00E9B34C /* AppDelegate.swift in Sources */,
				F0F4DA0828E07F4F00E9B34C /* SceneDelegate.swift in Sources */,
			);
			runOnlyForDeploymentPostprocessing = 0;
		};
/* End PBXSourcesBuildPhase section */

/* Begin PBXVariantGroup section */
		F0F4DA0B28E07F4F00E9B34C /* Main.storyboard */ = {
			isa = PBXVariantGroup;
			children = (
				F0F4DA0C28E07F4F00E9B34C /* Base */,
			);
			name = Main.storyboard;
			sourceTree = "<group>";
		};
		F0F4DA1328E07F5000E9B34C /* LaunchScreen.storyboard */ = {
			isa = PBXVariantGroup;
			children = (
				F0F4DA1428E07F5000E9B34C /* Base */,
			);
			name = LaunchScreen.storyboard;
			sourceTree = "<group>";
		};
/* End PBXVariantGroup section */

/* Begin XCBuildConfiguration section */
		F0F4DA1728E07F5000E9B34C /* Debug */ = {
			isa = XCBuildConfiguration;
			buildSettings = {
				ALWAYS_SEARCH_USER_PATHS = NO;
				CLANG_ANALYZER_NONNULL = YES;
				CLANG_ANALYZER_NUMBER_OBJECT_CONVERSION = YES_AGGRESSIVE;
				CLANG_CXX_LANGUAGE_STANDARD = "gnu++17";
				CLANG_ENABLE_MODULES = YES;
				CLANG_ENABLE_OBJC_ARC = YES;
				CLANG_ENABLE_OBJC_WEAK = YES;
				CLANG_WARN_BLOCK_CAPTURE_AUTORELEASING = YES;
				CLANG_WARN_BOOL_CONVERSION = YES;
				CLANG_WARN_COMMA = YES;
				CLANG_WARN_CONSTANT_CONVERSION = YES;
				CLANG_WARN_DEPRECATED_OBJC_IMPLEMENTATIONS = YES;
				CLANG_WARN_DIRECT_OBJC_ISA_USAGE = YES_ERROR;
				CLANG_WARN_DOCUMENTATION_COMMENTS = YES;
				CLANG_WARN_EMPTY_BODY = YES;
				CLANG_WARN_ENUM_CONVERSION = YES;
				CLANG_WARN_INFINITE_RECURSION = YES;
				CLANG_WARN_INT_CONVERSION = YES;
				CLANG_WARN_NON_LITERAL_NULL_CONVERSION = YES;
				CLANG_WARN_OBJC_IMPLICIT_RETAIN_SELF = YES;
				CLANG_WARN_OBJC_LITERAL_CONVERSION = YES;
				CLANG_WARN_OBJC_ROOT_CLASS = YES_ERROR;
				CLANG_WARN_QUOTED_INCLUDE_IN_FRAMEWORK_HEADER = YES;
				CLANG_WARN_RANGE_LOOP_ANALYSIS = YES;
				CLANG_WARN_STRICT_PROTOTYPES = YES;
				CLANG_WARN_SUSPICIOUS_MOVE = YES;
				CLANG_WARN_UNGUARDED_AVAILABILITY = YES_AGGRESSIVE;
				CLANG_WARN_UNREACHABLE_CODE = YES;
				CLANG_WARN__DUPLICATE_METHOD_MATCH = YES;
				COPY_PHASE_STRIP = NO;
				DEBUG_INFORMATION_FORMAT = dwarf;
				ENABLE_STRICT_OBJC_MSGSEND = YES;
				ENABLE_TESTABILITY = YES;
				GCC_C_LANGUAGE_STANDARD = gnu11;
				GCC_DYNAMIC_NO_PIC = NO;
				GCC_NO_COMMON_BLOCKS = YES;
				GCC_OPTIMIZATION_LEVEL = 0;
				GCC_PREPROCESSOR_DEFINITIONS = (
					"DEBUG=1",
					"$(inherited)",
				);
				GCC_WARN_64_TO_32_BIT_CONVERSION = YES;
				GCC_WARN_ABOUT_RETURN_TYPE = YES_ERROR;
				GCC_WARN_UNDECLARED_SELECTOR = YES;
				GCC_WARN_UNINITIALIZED_AUTOS = YES_AGGRESSIVE;
				GCC_WARN_UNUSED_FUNCTION = YES;
				GCC_WARN_UNUSED_VARIABLE = YES;
				IPHONEOS_DEPLOYMENT_TARGET = 15.5;
				MTL_ENABLE_DEBUG_INFO = INCLUDE_SOURCE;
				MTL_FAST_MATH = YES;
				ONLY_ACTIVE_ARCH = YES;
				SDKROOT = iphoneos;
				SWIFT_ACTIVE_COMPILATION_CONDITIONS = DEBUG;
				SWIFT_OPTIMIZATION_LEVEL = "-Onone";
			};
			name = Debug;
		};
		F0F4DA1828E07F5000E9B34C /* Release */ = {
			isa = XCBuildConfiguration;
			buildSettings = {
				ALWAYS_SEARCH_USER_PATHS = NO;
				CLANG_ANALYZER_NONNULL = YES;
				CLANG_ANALYZER_NUMBER_OBJECT_CONVERSION = YES_AGGRESSIVE;
				CLANG_CXX_LANGUAGE_STANDARD = "gnu++17";
				CLANG_ENABLE_MODULES = YES;
				CLANG_ENABLE_OBJC_ARC = YES;
				CLANG_ENABLE_OBJC_WEAK = YES;
				CLANG_WARN_BLOCK_CAPTURE_AUTORELEASING = YES;
				CLANG_WARN_BOOL_CONVERSION = YES;
				CLANG_WARN_COMMA = YES;
				CLANG_WARN_CONSTANT_CONVERSION = YES;
				CLANG_WARN_DEPRECATED_OBJC_IMPLEMENTATIONS = YES;
				CLANG_WARN_DIRECT_OBJC_ISA_USAGE = YES_ERROR;
				CLANG_WARN_DOCUMENTATION_COMMENTS = YES;
				CLANG_WARN_EMPTY_BODY = YES;
				CLANG_WARN_ENUM_CONVERSION = YES;
				CLANG_WARN_INFINITE_RECURSION = YES;
				CLANG_WARN_INT_CONVERSION = YES;
				CLANG_WARN_NON_LITERAL_NULL_CONVERSION = YES;
				CLANG_WARN_OBJC_IMPLICIT_RETAIN_SELF = YES;
				CLANG_WARN_OBJC_LITERAL_CONVERSION = YES;
				CLANG_WARN_OBJC_ROOT_CLASS = YES_ERROR;
				CLANG_WARN_QUOTED_INCLUDE_IN_FRAMEWORK_HEADER = YES;
				CLANG_WARN_RANGE_LOOP_ANALYSIS = YES;
				CLANG_WARN_STRICT_PROTOTYPES = YES;
				CLANG_WARN_SUSPICIOUS_MOVE = YES;
				CLANG_WARN_UNGUARDED_AVAILABILITY = YES_AGGRESSIVE;
				CLANG_WARN_UNREACHABLE_CODE = YES;
				CLANG_WARN__DUPLICATE_METHOD_MATCH = YES;
				COPY_PHASE_STRIP = NO;
				DEBUG_INFORMATION_FORMAT = "dwarf-with-dsym";
				ENABLE_NS_ASSERTIONS = NO;
				ENABLE_STRICT_OBJC_MSGSEND = YES;
				GCC_C_LANGUAGE_STANDARD = gnu11;
				GCC_NO_COMMON_BLOCKS = YES;
				GCC_WARN_64_TO_32_BIT_CONVERSION = YES;
				GCC_WARN_ABOUT_RETURN_TYPE = YES_ERROR;
				GCC_WARN_UNDECLARED_SELECTOR = YES;
				GCC_WARN_UNINITIALIZED_AUTOS = YES_AGGRESSIVE;
				GCC_WARN_UNUSED_FUNCTION = YES;
				GCC_WARN_UNUSED_VARIABLE = YES;
				IPHONEOS_DEPLOYMENT_TARGET = 15.5;
				MTL_ENABLE_DEBUG_INFO = NO;
				MTL_FAST_MATH = YES;
				SDKROOT = iphoneos;
				SWIFT_COMPILATION_MODE = wholemodule;
				SWIFT_OPTIMIZATION_LEVEL = "-O";
				VALIDATE_PRODUCT = YES;
			};
			name = Release;
		};
		F0F4DA1A28E07F5000E9B34C /* Debug */ = {
			isa = XCBuildConfiguration;
			buildSettings = {
				ASSETCATALOG_COMPILER_APPICON_NAME = AppIcon;
				ASSETCATALOG_COMPILER_GLOBAL_ACCENT_COLOR_NAME = AccentColor;
				CODE_SIGN_STYLE = Automatic;
				CURRENT_PROJECT_VERSION = 1;
				DEVELOPMENT_TEAM = W4YA7HHQSD;
				GENERATE_INFOPLIST_FILE = YES;
				INFOPLIST_FILE = ArtBookProject/Info.plist;
				INFOPLIST_KEY_UIApplicationSupportsIndirectInputEvents = YES;
				INFOPLIST_KEY_UILaunchStoryboardName = LaunchScreen;
				INFOPLIST_KEY_UIMainStoryboardFile = Main;
				INFOPLIST_KEY_UISupportedInterfaceOrientations_iPad = "UIInterfaceOrientationPortrait UIInterfaceOrientationPortraitUpsideDown UIInterfaceOrientationLandscapeLeft UIInterfaceOrientationLandscapeRight";
				INFOPLIST_KEY_UISupportedInterfaceOrientations_iPhone = "UIInterfaceOrientationPortrait UIInterfaceOrientationLandscapeLeft UIInterfaceOrientationLandscapeRight";
				LD_RUNPATH_SEARCH_PATHS = (
					"$(inherited)",
					"@executable_path/Frameworks",
				);
				MARKETING_VERSION = 1.0;
				PRODUCT_BUNDLE_IDENTIFIER = com.yelizakkaya.ArtBookProject;
				PRODUCT_NAME = "$(TARGET_NAME)";
				SWIFT_EMIT_LOC_STRINGS = YES;
				SWIFT_VERSION = 5.0;
				TARGETED_DEVICE_FAMILY = "1,2";
			};
			name = Debug;
		};
		F0F4DA1B28E07F5000E9B34C /* Release */ = {
			isa = XCBuildConfiguration;
			buildSettings = {
				ASSETCATALOG_COMPILER_APPICON_NAME = AppIcon;
				ASSETCATALOG_COMPILER_GLOBAL_ACCENT_COLOR_NAME = AccentColor;
				CODE_SIGN_STYLE = Automatic;
				CURRENT_PROJECT_VERSION = 1;
				DEVELOPMENT_TEAM = W4YA7HHQSD;
				GENERATE_INFOPLIST_FILE = YES;
				INFOPLIST_FILE = ArtBookProject/Info.plist;
				INFOPLIST_KEY_UIApplicationSupportsIndirectInputEvents = YES;
				INFOPLIST_KEY_UILaunchStoryboardName = LaunchScreen;
				INFOPLIST_KEY_UIMainStoryboardFile = Main;
				INFOPLIST_KEY_UISupportedInterfaceOrientations_iPad = "UIInterfaceOrientationPortrait UIInterfaceOrientationPortraitUpsideDown UIInterfaceOrientationLandscapeLeft UIInterfaceOrientationLandscapeRight";
				INFOPLIST_KEY_UISupportedInterfaceOrientations_iPhone = "UIInterfaceOrientationPortrait UIInterfaceOrientationLandscapeLeft UIInterfaceOrientationLandscapeRight";
				LD_RUNPATH_SEARCH_PATHS = (
					"$(inherited)",
					"@executable_path/Frameworks",
				);
				MARKETING_VERSION = 1.0;
				PRODUCT_BUNDLE_IDENTIFIER = com.yelizakkaya.ArtBookProject;
				PRODUCT_NAME = "$(TARGET_NAME)";
				SWIFT_EMIT_LOC_STRINGS = YES;
				SWIFT_VERSION = 5.0;
				TARGETED_DEVICE_FAMILY = "1,2";
			};
			name = Release;
		};
/* End XCBuildConfiguration section */

/* Begin XCConfigurationList section */
		F0F4D9FD28E07F4F00E9B34C /* Build configuration list for PBXProject "ArtBookProject" */ = {
			isa = XCConfigurationList;
			buildConfigurations = (
				F0F4DA1728E07F5000E9B34C /* Debug */,
				F0F4DA1828E07F5000E9B34C /* Release */,
			);
			defaultConfigurationIsVisible = 0;
			defaultConfigurationName = Release;
		};
		F0F4DA1928E07F5000E9B34C /* Build configuration list for PBXNativeTarget "ArtBookProject" */ = {
			isa = XCConfigurationList;
			buildConfigurations = (
				F0F4DA1A28E07F5000E9B34C /* Debug */,
				F0F4DA1B28E07F5000E9B34C /* Release */,
			);
			defaultConfigurationIsVisible = 0;
			defaultConfigurationName = Release;
		};
/* End XCConfigurationList section */

/* Begin XCVersionGroup section */
		F0F4DA0E28E07F4F00E9B34C /* ArtBookProject.xcdatamodeld */ = {
			isa = XCVersionGroup;
			children = (
				F0F4DA0F28E07F4F00E9B34C /* ArtBookProject.xcdatamodel */,
			);
			currentVersion = F0F4DA0F28E07F4F00E9B34C /* ArtBookProject.xcdatamodel */;
			path = ArtBookProject.xcdatamodeld;
			sourceTree = "<group>";
			versionGroupType = wrapper.xcdatamodel;
		};
/* End XCVersionGroup section */
	};
	rootObject = F0F4D9FA28E07F4F00E9B34C /* Project object */;
}
